
Microsoft Visual Studio Solution File, Format Version 12.00
# Visual Studio Version 17
VisualStudioVersion = 17.13.35919.96
MinimumVisualStudioVersion = 10.0.40219.1
Project("{FAE04EC0-301F-11D3-BF4B-00C04F79EFBC}") = "RuleCheck.Application", "RuleCheck.Application\RuleCheck.Application.csproj", "{A30E4033-1E9D-E3C9-5129-F69B34180722}"
EndProject
Project("{FAE04EC0-301F-11D3-BF4B-00C04F79EFBC}") = "RuleCheck.Domain", "RuleCheck.Domain\RuleCheck.Domain.csproj", "{CD583A54-A371-9FB9-5B33-14F4B7395E65}"
EndProject
Project("{FAE04EC0-301F-11D3-BF4B-00C04F79EFBC}") = "RuleCheck.Infrastructure", "RuleCheck.Infrastructure\RuleCheck.Infrastructure.csproj", "{160A2588-0741-E7F4-3AC4-A358A96DE44B}"
EndProject
Project("{FAE04EC0-301F-11D3-BF4B-00C04F79EFBC}") = "RuleCheck.Api", "RuleCheck.api\RuleCheck.Api.csproj", "{CD16DC3F-5BD4-5A66-68D3-5E265B247936}"
EndProject
Global
	GlobalSection(SolutionConfigurationPlatforms) = preSolution
		Debug|Any CPU = Debug|Any CPU
		Release|Any CPU = Release|Any CPU
	EndGlobalSection
	GlobalSection(ProjectConfigurationPlatforms) = postSolution
		{A30E4033-1E9D-E3C9-5129-F69B34180722}.Debug|Any CPU.ActiveCfg = Debug|Any CPU
		{A30E4033-1E9D-E3C9-5129-F69B34180722}.Debug|Any CPU.Build.0 = Debug|Any CPU
		{A30E4033-1E9D-E3C9-5129-F69B34180722}.Release|Any CPU.ActiveCfg = Release|Any CPU
		{A30E4033-1E9D-E3C9-5129-F69B34180722}.Release|Any CPU.Build.0 = Release|Any CPU
		{CD583A54-A371-9FB9-5B33-14F4B7395E65}.Debug|Any CPU.ActiveCfg = Debug|Any CPU
		{CD583A54-A371-9FB9-5B33-14F4B7395E65}.Debug|Any CPU.Build.0 = Debug|Any CPU
		{CD583A54-A371-9FB9-5B33-14F4B7395E65}.Release|Any CPU.ActiveCfg = Release|Any CPU
		{CD583A54-A371-9FB9-5B33-14F4B7395E65}.Release|Any CPU.Build.0 = Release|Any CPU
		{160A2588-0741-E7F4-3AC4-A358A96DE44B}.Debug|Any CPU.ActiveCfg = Debug|Any CPU
		{160A2588-0741-E7F4-3AC4-A358A96DE44B}.Debug|Any CPU.Build.0 = Debug|Any CPU
		{160A2588-0741-E7F4-3AC4-A358A96DE44B}.Release|Any CPU.ActiveCfg = Release|Any CPU
		{160A2588-0741-E7F4-3AC4-A358A96DE44B}.Release|Any CPU.Build.0 = Release|Any CPU
		{CD16DC3F-5BD4-5A66-68D3-5E265B247936}.Debug|Any CPU.ActiveCfg = Debug|Any CPU
		{CD16DC3F-5BD4-5A66-68D3-5E265B247936}.Debug|Any CPU.Build.0 = Debug|Any CPU
		{CD16DC3F-5BD4-5A66-68D3-5E265B247936}.Release|Any CPU.ActiveCfg = Release|Any CPU
		{CD16DC3F-5BD4-5A66-68D3-5E265B247936}.Release|Any CPU.Build.0 = Release|Any CPU
	EndGlobalSection
	GlobalSection(SolutionProperties) = preSolution
		HideSolutionNode = FALSE
	EndGlobalSection
	GlobalSection(ExtensibilityGlobals) = postSolution
		SolutionGuid = {A9187B13-1D9C-47DC-9532-86B402D46C97}
	EndGlobalSection
EndGlobal
